
Microsoft Visual Studio Solution File, Format Version 12.00
Project("{FAE04EC0-301F-11D3-BF4B-00C04F79EFBC}") = "Client-Api", "Client-Api.csproj", "{FECB9B25-DF0F-41C5-81FC-E790C3865A7A}"
EndProject
Global
	GlobalSection(SolutionConfigurationPlatforms) = preSolution
		Debug|Any CPU = Debug|Any CPU
		Release|Any CPU = Release|Any CPU
	EndGlobalSection
	GlobalSection(ProjectConfigurationPlatforms) = postSolution
		{FECB9B25-DF0F-41C5-81FC-E790C3865A7A}.Debug|Any CPU.ActiveCfg = Debug|Any CPU
		{FECB9B25-DF0F-41C5-81FC-E790C3865A7A}.Debug|Any CPU.Build.0 = Debug|Any CPU
		{FECB9B25-DF0F-41C5-81FC-E790C3865A7A}.Release|Any CPU.ActiveCfg = Release|Any CPU
		{FECB9B25-DF0F-41C5-81FC-E790C3865A7A}.Release|Any CPU.Build.0 = Release|Any CPU
	EndGlobalSection
EndGlobal
